
Microsoft Visual Studio Solution File, Format Version 9.00
# Visual Studio 2005
Project("{F184B08F-C81C-45F6-A57F-5ABD9991F28F}") = "BlueVex", "BlueVex\BlueVex.vbproj", "{1A1AF41F-2C88-456E-BC34-AE02F734A739}"
EndProject
Project("{F184B08F-C81C-45F6-A57F-5ABD9991F28F}") = "HelloWorld", "HelloWorld\HelloWorld.vbproj", "{10997C85-2715-4048-88FE-AA41BCFB1BC7}"
EndProject
Global
	GlobalSection(SolutionConfigurationPlatforms) = preSolution
		Debug|Any CPU = Debug|Any CPU
		Release|Any CPU = Release|Any CPU
	EndGlobalSection
	GlobalSection(ProjectConfigurationPlatforms) = postSolution
		{1A1AF41F-2C88-456E-BC34-AE02F734A739}.Debug|Any CPU.ActiveCfg = Debug|Any CPU
		{1A1AF41F-2C88-456E-BC34-AE02F734A739}.Debug|Any CPU.Build.0 = Debug|Any CPU
		{1A1AF41F-2C88-456E-BC34-AE02F734A739}.Release|Any CPU.ActiveCfg = Release|Any CPU
		{1A1AF41F-2C88-456E-BC34-AE02F734A739}.Release|Any CPU.Build.0 = Release|Any CPU
		{10997C85-2715-4048-88FE-AA41BCFB1BC7}.Debug|Any CPU.ActiveCfg = Debug|Any CPU
		{10997C85-2715-4048-88FE-AA41BCFB1BC7}.Debug|Any CPU.Build.0 = Debug|Any CPU
		{10997C85-2715-4048-88FE-AA41BCFB1BC7}.Release|Any CPU.ActiveCfg = Release|Any CPU
		{10997C85-2715-4048-88FE-AA41BCFB1BC7}.Release|Any CPU.Build.0 = Release|Any CPU
	EndGlobalSection
	GlobalSection(SolutionProperties) = preSolution
		HideSolutionNode = FALSE
	EndGlobalSection
EndGlobal
